
Microsoft Visual Studio Solution File, Format Version 12.00
# Visual Studio Version 17
VisualStudioVersion = 17.1.32228.430
MinimumVisualStudioVersion = 10.0.40219.1
Project("{9A19103F-16F7-4668-BE54-9A1E7A4F7556}") = "FarmFresh.Models", "FarmFresh.Domain\FarmFresh.Models.csproj", "{F890DC3F-346C-4781-95BE-D49F85952DAA}"
EndProject
Project("{9A19103F-16F7-4668-BE54-9A1E7A4F7556}") = "FarmFresh.Repository", "FarmFresh.dal\FarmFresh.Repository.csproj", "{D026F7E3-6917-424C-8C63-293DD4ED0B34}"
EndProject
Project("{9A19103F-16F7-4668-BE54-9A1E7A4F7556}") = "FarmFresh.Service", "FarmFresh.Services\FarmFresh.Service.csproj", "{64F7F97A-29FE-4C88-B09D-87DFB1279161}"
EndProject
Project("{9A19103F-16F7-4668-BE54-9A1E7A4F7556}") = "FarmFresh.Api", "FarmFresh.Api\FarmFresh.Api.csproj", "{0F5124B4-8DE8-4058-A61B-54AB6A213F79}"
EndProject
Project("{FAE04EC0-301F-11D3-BF4B-00C04F79EFBC}") = "FarmFresh.Interfaces", "FarmFresh.Interfaces\FarmFresh.Interfaces.csproj", "{3A72C830-18E7-4850-8A27-D616FA3DCD26}"
EndProject
Global
	GlobalSection(SolutionConfigurationPlatforms) = preSolution
		Debug|Any CPU = Debug|Any CPU
		Release|Any CPU = Release|Any CPU
	EndGlobalSection
	GlobalSection(ProjectConfigurationPlatforms) = postSolution
		{F890DC3F-346C-4781-95BE-D49F85952DAA}.Debug|Any CPU.ActiveCfg = Debug|Any CPU
		{F890DC3F-346C-4781-95BE-D49F85952DAA}.Debug|Any CPU.Build.0 = Debug|Any CPU
		{F890DC3F-346C-4781-95BE-D49F85952DAA}.Release|Any CPU.ActiveCfg = Release|Any CPU
		{F890DC3F-346C-4781-95BE-D49F85952DAA}.Release|Any CPU.Build.0 = Release|Any CPU
		{D026F7E3-6917-424C-8C63-293DD4ED0B34}.Debug|Any CPU.ActiveCfg = Debug|Any CPU
		{D026F7E3-6917-424C-8C63-293DD4ED0B34}.Debug|Any CPU.Build.0 = Debug|Any CPU
		{D026F7E3-6917-424C-8C63-293DD4ED0B34}.Release|Any CPU.ActiveCfg = Release|Any CPU
		{D026F7E3-6917-424C-8C63-293DD4ED0B34}.Release|Any CPU.Build.0 = Release|Any CPU
		{64F7F97A-29FE-4C88-B09D-87DFB1279161}.Debug|Any CPU.ActiveCfg = Debug|Any CPU
		{64F7F97A-29FE-4C88-B09D-87DFB1279161}.Debug|Any CPU.Build.0 = Debug|Any CPU
		{64F7F97A-29FE-4C88-B09D-87DFB1279161}.Release|Any CPU.ActiveCfg = Release|Any CPU
		{64F7F97A-29FE-4C88-B09D-87DFB1279161}.Release|Any CPU.Build.0 = Release|Any CPU
		{0F5124B4-8DE8-4058-A61B-54AB6A213F79}.Debug|Any CPU.ActiveCfg = Debug|Any CPU
		{0F5124B4-8DE8-4058-A61B-54AB6A213F79}.Debug|Any CPU.Build.0 = Debug|Any CPU
		{0F5124B4-8DE8-4058-A61B-54AB6A213F79}.Release|Any CPU.ActiveCfg = Release|Any CPU
		{0F5124B4-8DE8-4058-A61B-54AB6A213F79}.Release|Any CPU.Build.0 = Release|Any CPU
		{3A72C830-18E7-4850-8A27-D616FA3DCD26}.Debug|Any CPU.ActiveCfg = Debug|Any CPU
		{3A72C830-18E7-4850-8A27-D616FA3DCD26}.Debug|Any CPU.Build.0 = Debug|Any CPU
		{3A72C830-18E7-4850-8A27-D616FA3DCD26}.Release|Any CPU.ActiveCfg = Release|Any CPU
		{3A72C830-18E7-4850-8A27-D616FA3DCD26}.Release|Any CPU.Build.0 = Release|Any CPU
	EndGlobalSection
	GlobalSection(SolutionProperties) = preSolution
		HideSolutionNode = FALSE
	EndGlobalSection
	GlobalSection(ExtensibilityGlobals) = postSolution
		SolutionGuid = {B2CF999C-92E5-4DF6-A607-7630029D24E1}
	EndGlobalSection
EndGlobal
